
Microsoft Visual Studio Solution File, Format Version 12.00
# Visual Studio 15
VisualStudioVersion = 15.0.27703.2042
MinimumVisualStudioVersion = 10.0.40219.1
Project("{FAE04EC0-301F-11D3-BF4B-00C04F79EFBC}") = "Speculative Execution Demonstration", "Speculative Execution Demonstration\Speculative Execution Demonstration.csproj", "{B26BC43A-4BC9-4A92-8111-0C2B2188814B}"
EndProject
Global
	GlobalSection(SolutionConfigurationPlatforms) = preSolution
		Debug|Any CPU = Debug|Any CPU
		Release|Any CPU = Release|Any CPU
	EndGlobalSection
	GlobalSection(ProjectConfigurationPlatforms) = postSolution
		{B26BC43A-4BC9-4A92-8111-0C2B2188814B}.Debug|Any CPU.ActiveCfg = Debug|Any CPU
		{B26BC43A-4BC9-4A92-8111-0C2B2188814B}.Debug|Any CPU.Build.0 = Debug|Any CPU
		{B26BC43A-4BC9-4A92-8111-0C2B2188814B}.Release|Any CPU.ActiveCfg = Release|Any CPU
		{B26BC43A-4BC9-4A92-8111-0C2B2188814B}.Release|Any CPU.Build.0 = Release|Any CPU
	EndGlobalSection
	GlobalSection(SolutionProperties) = preSolution
		HideSolutionNode = FALSE
	EndGlobalSection
	GlobalSection(ExtensibilityGlobals) = postSolution
		SolutionGuid = {56CA7EEF-A35B-4BD6-B07F-BB6EDE5ACA5C}
	EndGlobalSection
EndGlobal
